<?xml version="1.0" encoding="utf-8"?>
<Project ToolsVersion="4.0" xmlns="http://schemas.microsoft.com/developer/msbuild/2003">
  <ItemGroup>
    <Filter Include="源文件">
      <UniqueIdentifier>{4FC737F1-C7A5-4376-A066-2A32D752A2FF}</UniqueIdentifier>
      <Extensions>cpp;c;cc;cxx;def;odl;idl;hpj;bat;asm;asmx</Extensions>
    </Filter>
    <Filter Include="头文件">
      <UniqueIdentifier>{93995380-89BD-4b04-88EB-625FBE52EBFB}</UniqueIdentifier>
      <Extensions>h;hh;hpp;hxx;hm;inl;inc;xsd</Extensions>
    </Filter>
    <Filter Include="资源文件">
      <UniqueIdentifier>{67DA6AB6-F800-4c08-8B7A-83BB121AAD01}</UniqueIdentifier>
      <Extensions>rc;ico;cur;bmp;dlg;rc2;rct;bin;rgs;gif;jpg;jpeg;jpe;resx;tiff;tif;png;wav;mfcribbon-ms</Extensions>
    </Filter>
    <Filter Include="头文件\Profiler">
      <UniqueIdentifier>{092c2875-2b56-404b-977e-a9b4aa67c134}</UniqueIdentifier>
    </Filter>
    <Filter Include="Test">
      <UniqueIdentifier>{102ada31-2e23-4fa3-b913-81e7e40d12a7}</UniqueIdentifier>
    </Filter>
    <Filter Include="ScreenShots">
      <UniqueIdentifier>{f20d9032-1c1d-424a-a8aa-f39c87789d3b}</UniqueIdentifier>
    </Filter>
    <Filter Include="Detail">
      <UniqueIdentifier>{7dd5c5f0-33b6-44c6-b2b9-d4c0ec1d4c13}</UniqueIdentifier>
    </Filter>
    <Filter Include="TestData">
      <UniqueIdentifier>{676114e9-f556-46bf-9f51-65d820758de2}</UniqueIdentifier>
    </Filter>
  </ItemGroup>
  <ItemGroup>
    <ClCompile Include="Profiler\Profiler.cpp">
      <Filter>头文件\Profiler</Filter>
    </ClCompile>
    <ClCompile Include="Test\PairTest.cpp">
      <Filter>Test</Filter>
    </ClCompile>
    <ClCompile Include="main.cpp">
      <Filter>源文件</Filter>
    </ClCompile>
    <ClCompile Include="Test\AlgorithmTest.cpp">
      <Filter>Test</Filter>
    </ClCompile>
    <ClCompile Include="Test\VectorTest.cpp">
      <Filter>Test</Filter>
    </ClCompile>
    <ClCompile Include="Test\StringTest.cpp">
      <Filter>Test</Filter>
    </ClCompile>
    <ClCompile Include="Test\PriorityQueueTest.cpp">
      <Filter>Test</Filter>
    </ClCompile>
    <ClCompile Include="Test\SuffixArrayTest.cpp">
      <Filter>Test</Filter>
    </ClCompile>
    <ClCompile Include="Test\QueueTest.cpp">
      <Filter>Test</Filter>
    </ClCompile>
    <ClCompile Include="Test\StackTest.cpp">
      <Filter>Test</Filter>
    </ClCompile>
    <ClCompile Include="Test\BitmapTest.cpp">
      <Filter>Test</Filter>
    </ClCompile>
    <ClCompile Include="Test\CircularBufferTest.cpp">
      <Filter>Test</Filter>
    </ClCompile>
    <ClCompile Include="Test\DequeTest.cpp">
      <Filter>Test</Filter>
    </ClCompile>
    <ClCompile Include="Test\ListTest.cpp">
      <Filter>Test</Filter>
    </ClCompile>
    <ClCompile Include="Detail\Alloc.cpp">
      <Filter>Detail</Filter>
    </ClCompile>
    <ClCompile Include="Detail\String.cpp">
      <Filter>Detail</Filter>
    </ClCompile>
    <ClCompile Include="Test\BinarySearchTreeTest.cpp">
      <Filter>Test</Filter>
    </ClCompile>
    <ClCompile Include="Test\AVLTreeTest.cpp">
      <Filter>Test</Filter>
    </ClCompile>
    <ClCompile Include="Test\Unordered_setTest.cpp">
      <Filter>Test</Filter>
    </ClCompile>
    <ClCompile Include="Test\GraphTest.cpp">
      <Filter>Test</Filter>
    </ClCompile>
    <ClCompile Include="Test\TrieTreeTest.cpp">
      <Filter>Test</Filter>
    </ClCompile>
    <ClCompile Include="Test\UniquePtrTest.cpp">
      <Filter>Test</Filter>
    </ClCompile>
    <ClCompile Include="Test\RefTest.cpp">
      <Filter>Test</Filter>
    </ClCompile>
    <ClCompile Include="Test\SharedPtrTest.cpp">
      <Filter>Test</Filter>
    </ClCompile>
    <ClCompile Include="Detail\TrieTree.cpp">
      <Filter>Detail</Filter>
    </ClCompile>
    <ClCompile Include="Test\COWPtrTest.cpp">
      <Filter>Test</Filter>
    </ClCompile>
    <ClCompile Include="Test\UFSetTest.cpp">
      <Filter>Test</Filter>
    </ClCompile>
    <ClCompile Include="Test\TypeTraitsTest.cpp">
      <Filter>Test</Filter>
    </ClCompile>
  </ItemGroup>
  <ItemGroup>
    <ClInclude Include="TypeTraits.h">
      <Filter>头文件</Filter>
    </ClInclude>
    <ClInclude Include="Construct.h">
      <Filter>头文件</Filter>
    </ClInclude>
    <ClInclude Include="Alloc.h">
      <Filter>头文件</Filter>
    </ClInclude>
    <ClInclude Include="Allocator.h">
      <Filter>头文件</Filter>
    </ClInclude>
    <ClInclude Include="UninitializedFunctions.h">
      <Filter>头文件</Filter>
    </ClInclude>
    <ClInclude Include="Iterator.h">
      <Filter>头文件</Filter>
    </ClInclude>
    <ClInclude Include="Vector.h">
      <Filter>头文件</Filter>
    </ClInclude>
    <ClInclude Include="Algorithm.h">
      <Filter>头文件</Filter>
    </ClInclude>
    <ClInclude Include="Profiler\Profiler.h">
      <Filter>头文件\Profiler</Filter>
    </ClInclude>
    <ClInclude Include="String.h">
      <Filter>头文件</Filter>
    </ClInclude>
    <ClInclude Include="ReverseIterator.h">
      <Filter>头文件</Filter>
    </ClInclude>
    <ClInclude Include="CircularBuffer.h">
      <Filter>头文件</Filter>
    </ClInclude>
    <ClInclude Include="Bitmap.h">
      <Filter>头文件</Filter>
    </ClInclude>
    <ClInclude Include="Stack.h">
      <Filter>头文件</Filter>
    </ClInclude>
    <ClInclude Include="Deque.h">
      <Filter>头文件</Filter>
    </ClInclude>
    <ClInclude Include="Queue.h">
      <Filter>头文件</Filter>
    </ClInclude>
    <ClInclude Include="Functional.h">
      <Filter>头文件</Filter>
    </ClInclude>
    <ClInclude Include="Utility.h">
      <Filter>头文件</Filter>
    </ClInclude>
    <ClInclude Include="BinarySearchTree.h">
      <Filter>头文件</Filter>
    </ClInclude>
    <ClInclude Include="AVLTree.h">
      <Filter>头文件</Filter>
    </ClInclude>
    <ClInclude Include="List.h">
      <Filter>头文件</Filter>
    </ClInclude>
    <ClInclude Include="Test\TestUtil.h">
      <Filter>Test</Filter>
    </ClInclude>
    <ClInclude Include="Test\PairTest.h">
      <Filter>Test</Filter>
    </ClInclude>
    <ClInclude Include="Test\AlgorithmTest.h">
      <Filter>Test</Filter>
    </ClInclude>
    <ClInclude Include="Test\VectorTest.h">
      <Filter>Test</Filter>
    </ClInclude>
    <ClInclude Include="Test\StringTest.h">
      <Filter>Test</Filter>
    </ClInclude>
    <ClInclude Include="Test\PriorityQueueTest.h">
      <Filter>Test</Filter>
    </ClInclude>
    <ClInclude Include="SuffixArray.h">
      <Filter>头文件</Filter>
    </ClInclude>
    <ClInclude Include="Test\SuffixArrayTest.h">
      <Filter>Test</Filter>
    </ClInclude>
    <ClInclude Include="Test\QueueTest.h">
      <Filter>Test</Filter>
    </ClInclude>
    <ClInclude Include="Test\StackTest.h">
      <Filter>Test</Filter>
    </ClInclude>
    <ClInclude Include="Test\BitmapTest.h">
      <Filter>Test</Filter>
    </ClInclude>
    <ClInclude Include="Test\CircularBufferTest.h">
      <Filter>Test</Filter>
    </ClInclude>
    <ClInclude Include="Test\DequeTest.h">
      <Filter>Test</Filter>
    </ClInclude>
    <ClInclude Include="Test\ListTest.h">
      <Filter>Test</Filter>
    </ClInclude>
    <ClInclude Include="Detail\Deque.impl.h">
      <Filter>Detail</Filter>
    </ClInclude>
    <ClInclude Include="Detail\Bitmap.impl.h">
      <Filter>Detail</Filter>
    </ClInclude>
    <ClInclude Include="Detail\CircularBuffer.impl.h">
      <Filter>Detail</Filter>
    </ClInclude>
    <ClInclude Include="Detail\Vector.impl.h">
      <Filter>Detail</Filter>
    </ClInclude>
    <ClInclude Include="Detail\List.impl.h">
      <Filter>Detail</Filter>
    </ClInclude>
    <ClInclude Include="Test\BinarySearchTreeTest.h">
      <Filter>Test</Filter>
    </ClInclude>
    <ClInclude Include="Detail\BinarySearchTree.impl.h">
      <Filter>Detail</Filter>
    </ClInclude>
    <ClInclude Include="Test\AVLTreeTest.h">
      <Filter>Test</Filter>
    </ClInclude>
    <ClInclude Include="Detail\AVLTree.impl.h">
      <Filter>Detail</Filter>
    </ClInclude>
    <ClInclude Include="Unordered_set.h">
      <Filter>头文件</Filter>
    </ClInclude>
    <ClInclude Include="Detail\Unordered_set.impl.h">
      <Filter>Detail</Filter>
    </ClInclude>
    <ClInclude Include="Test\Unordered_setTest.h">
      <Filter>Test</Filter>
    </ClInclude>
    <ClInclude Include="Graph.h">
      <Filter>头文件</Filter>
    </ClInclude>
    <ClInclude Include="Detail\Graph.impl.h">
      <Filter>Detail</Filter>
    </ClInclude>
    <ClInclude Include="Test\GraphTest.h">
      <Filter>Test</Filter>
    </ClInclude>
    <ClInclude Include="TrieTree.h">
      <Filter>头文件</Filter>
    </ClInclude>
    <ClInclude Include="Test\TrieTreeTest.h">
      <Filter>Test</Filter>
    </ClInclude>
    <ClInclude Include="Memory.h">
      <Filter>头文件</Filter>
    </ClInclude>
    <ClInclude Include="Test\UniquePtrTest.h">
      <Filter>Test</Filter>
    </ClInclude>
    <ClInclude Include="Detail\Ref.h">
      <Filter>Detail</Filter>
    </ClInclude>
    <ClInclude Include="Test\RefTest.h">
      <Filter>Test</Filter>
    </ClInclude>
    <ClInclude Include="Test\SharedPtrTest.h">
      <Filter>Test</Filter>
    </ClInclude>
    <ClInclude Include="COWPtr.h">
      <Filter>头文件</Filter>
    </ClInclude>
    <ClInclude Include="Detail\COWPtr.impl.h">
      <Filter>Detail</Filter>
    </ClInclude>
    <ClInclude Include="Test\COWPtrTest.h">
      <Filter>Test</Filter>
    </ClInclude>
    <ClInclude Include="Test\UFSetTest.h">
      <Filter>Test</Filter>
    </ClInclude>
    <ClInclude Include="UFSet.h">
      <Filter>头文件</Filter>
    </ClInclude>
    <ClInclude Include="Test\TypeTraitsTest.h">
      <Filter>Test</Filter>
    </ClInclude>
  </ItemGroup>
  <ItemGroup>
    <None Include="..\README.md" />
  </ItemGroup>
  <ItemGroup>
    <Image Include="ScreenShots\suffix_array.png">
      <Filter>ScreenShots</Filter>
    </Image>
    <Image Include="ScreenShots\graph_bfs.png">
      <Filter>ScreenShots</Filter>
    </Image>
    <Image Include="ScreenShots\graph_dfs.png">
      <Filter>ScreenShots</Filter>
    </Image>
    <Image Include="ScreenShots\graph1.png">
      <Filter>ScreenShots</Filter>
    </Image>
    <Image Include="ScreenShots\graph2.png">
      <Filter>ScreenShots</Filter>
    </Image>
    <Image Include="ScreenShots\trie_tree.png">
      <Filter>ScreenShots</Filter>
    </Image>
  </ItemGroup>
  <ItemGroup>
    <Text Include="TestData\trie_tree_test.txt">
      <Filter>TestData</Filter>
    </Text>
    <Text Include="TestData\string_test.txt">
      <Filter>TestData</Filter>
    </Text>
  </ItemGroup>
</Project>